
Microsoft Visual Studio Solution File, Format Version 12.00
# Visual Studio Version 17
VisualStudioVersion = 17.14.36221.1
MinimumVisualStudioVersion = 10.0.40219.1
Project("{FAE04EC0-301F-11D3-BF4B-00C04F79EFBC}") = "VintageTweaks", "VintageTweaks\VintageTweaks.csproj", "{6CF09047-1556-4BF9-ACB3-A0C8C4B2A7A8}"
EndProject
Project("{FAE04EC0-301F-11D3-BF4B-00C04F79EFBC}") = "CakeBuild", "ZZCakeBuild\CakeBuild.csproj", "{38D67B30-46D2-4283-84AC-471F3BE465BE}"
EndProject
Global
	GlobalSection(SolutionConfigurationPlatforms) = preSolution
		Debug|Any CPU = Debug|Any CPU
		Release|Any CPU = Release|Any CPU
	EndGlobalSection
	GlobalSection(ProjectConfigurationPlatforms) = postSolution
		{6CF09047-1556-4BF9-ACB3-A0C8C4B2A7A8}.Debug|Any CPU.ActiveCfg = Debug|Any CPU
		{6CF09047-1556-4BF9-ACB3-A0C8C4B2A7A8}.Debug|Any CPU.Build.0 = Debug|Any CPU
		{6CF09047-1556-4BF9-ACB3-A0C8C4B2A7A8}.Release|Any CPU.ActiveCfg = Release|Any CPU
		{6CF09047-1556-4BF9-ACB3-A0C8C4B2A7A8}.Release|Any CPU.Build.0 = Release|Any CPU
		{38D67B30-46D2-4283-84AC-471F3BE465BE}.Debug|Any CPU.ActiveCfg = Debug|Any CPU
		{38D67B30-46D2-4283-84AC-471F3BE465BE}.Debug|Any CPU.Build.0 = Debug|Any CPU
		{38D67B30-46D2-4283-84AC-471F3BE465BE}.Release|Any CPU.ActiveCfg = Release|Any CPU
		{38D67B30-46D2-4283-84AC-471F3BE465BE}.Release|Any CPU.Build.0 = Release|Any CPU
	EndGlobalSection
	GlobalSection(SolutionProperties) = preSolution
		HideSolutionNode = FALSE
	EndGlobalSection
	GlobalSection(ExtensibilityGlobals) = postSolution
		SolutionGuid = {58BD78E3-29C1-4810-830E-D812E51B2E98}
	EndGlobalSection
EndGlobal
